
Microsoft Visual Studio Solution File, Format Version 12.00
# Visual Studio 15
VisualStudioVersion = 15.0.27703.2026
MinimumVisualStudioVersion = 10.0.40219.1
Project("{9A19103F-16F7-4668-BE54-9A1E7A4F7556}") = "Lykke.Cqrs.Light", "src\Lykke.Cqrs.Light\Lykke.Cqrs.Light.csproj", "{8FF49A20-FCBE-49C7-A350-798B2E16B69E}"
EndProject
Project("{FAE04EC0-301F-11D3-BF4B-00C04F79EFBC}") = "Lykke.Cqrs.Light.Tests", "tests\Lykke.Cqrs.Light.Tests\Lykke.Cqrs.Light.Tests.csproj", "{87EA93C8-6FB2-45D7-8AC0-9E55F4A379AC}"
EndProject
Global
	GlobalSection(SolutionConfigurationPlatforms) = preSolution
		Debug|Any CPU = Debug|Any CPU
		Release|Any CPU = Release|Any CPU
	EndGlobalSection
	GlobalSection(ProjectConfigurationPlatforms) = postSolution
		{8FF49A20-FCBE-49C7-A350-798B2E16B69E}.Debug|Any CPU.ActiveCfg = Debug|Any CPU
		{8FF49A20-FCBE-49C7-A350-798B2E16B69E}.Debug|Any CPU.Build.0 = Debug|Any CPU
		{8FF49A20-FCBE-49C7-A350-798B2E16B69E}.Release|Any CPU.ActiveCfg = Release|Any CPU
		{8FF49A20-FCBE-49C7-A350-798B2E16B69E}.Release|Any CPU.Build.0 = Release|Any CPU
		{87EA93C8-6FB2-45D7-8AC0-9E55F4A379AC}.Debug|Any CPU.ActiveCfg = Debug|Any CPU
		{87EA93C8-6FB2-45D7-8AC0-9E55F4A379AC}.Debug|Any CPU.Build.0 = Debug|Any CPU
		{87EA93C8-6FB2-45D7-8AC0-9E55F4A379AC}.Release|Any CPU.ActiveCfg = Release|Any CPU
		{87EA93C8-6FB2-45D7-8AC0-9E55F4A379AC}.Release|Any CPU.Build.0 = Release|Any CPU
	EndGlobalSection
	GlobalSection(SolutionProperties) = preSolution
		HideSolutionNode = FALSE
	EndGlobalSection
	GlobalSection(ExtensibilityGlobals) = postSolution
		SolutionGuid = {1651388F-D933-4990-BA3F-F614A0A86923}
	EndGlobalSection
EndGlobal
